{
  "pins" : [
    {
      "identity" : "keychainaccess",
      "kind" : "remoteSourceControl",
      "location" : "https://github.com/kishikawakatsumi/KeychainAccess.git",
      "state" : {
        "revision" : "654d52d30f3dd4592e944c3e0bccb53178c992f6",
        "version" : "4.2.1"
      }
    },
    {
      "identity" : "partialsheet",
      "kind" : "remoteSourceControl",
      "location" : "https://github.com/AndreaMiotto/PartialSheet.git",
      "state" : {
        "revision" : "318f18bfabd2b2ddf785babd2e53bd593c00a254",
        "version" : "3.1.0"
      }
    }
  ],
  "version" : 2
}
