{
  "pins" : [
    {
      "identity" : "keychainaccess",
      "kind" : "remoteSourceControl",
      "location" : "https://github.com/kishikawakatsumi/KeychainAccess.git",
      "state" : {
        "revision" : "654d52d30f3dd4592e944c3e0bccb53178c992f6",
        "version" : "4.2.1"
      }
    },
    {
      "identity" : "partialsheet",
      "kind" : "remoteSourceControl",
      "location" : "https://github.com/AndreaMiotto/PartialSheet.git",
      "state" : {
        "revision" : "422d748bfb149b2af4b48e43b7b6197bd8a727c1",
        "version" : "2.1.14"
      }
    }
  ],
  "version" : 2
}
