// !$*UTF8*$!
{
	archiveVersion = 1;
	classes = {
	};
	objectVersion = 55;
	objects = {

/* Begin PBXBuildFile section */
		6453D2B72880378E00FDDA50 /* Algorithms in Frameworks */ = {isa = PBXBuildFile; productRef = 6453D2B62880378E00FDDA50 /* Algorithms */; };
		647B4259287ED74D0075DE30 /* RenovateSampleApp.swift in Sources */ = {isa = PBXBuildFile; fileRef = 647B4258287ED74D0075DE30 /* RenovateSampleApp.swift */; };
		647B425B287ED74D0075DE30 /* ContentView.swift in Sources */ = {isa = PBXBuildFile; fileRef = 647B425A287ED74D0075DE30 /* ContentView.swift */; };
		647B425D287ED7540075DE30 /* Assets.xcassets in Resources */ = {isa = PBXBuildFile; fileRef = 647B425C287ED7540075DE30 /* Assets.xcassets */; };
		647B4260287ED7540075DE30 /* Preview Assets.xcassets in Resources */ = {isa = PBXBuildFile; fileRef = 647B425F287ED7540075DE30 /* Preview Assets.xcassets */; };
		647B426A287ED7550075DE30 /* RenovateSampleTests.swift in Sources */ = {isa = PBXBuildFile; fileRef = 647B4269287ED7550075DE30 /* RenovateSampleTests.swift */; };
		647B4274287ED7550075DE30 /* RenovateSampleUITests.swift in Sources */ = {isa = PBXBuildFile; fileRef = 647B4273287ED7550075DE30 /* RenovateSampleUITests.swift */; };
		647B4276287ED7550075DE30 /* RenovateSampleUITestsLaunchTests.swift in Sources */ = {isa = PBXBuildFile; fileRef = 647B4275287ED7550075DE30 /* RenovateSampleUITestsLaunchTests.swift */; };
/* End PBXBuildFile section */

/* Begin PBXContainerItemProxy section */
		647B4266287ED7550075DE30 /* PBXContainerItemProxy */ = {
			isa = PBXContainerItemProxy;
			containerPortal = 647B424D287ED74D0075DE30 /* Project object */;
			proxyType = 1;
			remoteGlobalIDString = 647B4254287ED74D0075DE30;
			remoteInfo = RenovateSample;
		};
		647B4270287ED7550075DE30 /* PBXContainerItemProxy */ = {
			isa = PBXContainerItemProxy;
			containerPortal = 647B424D287ED74D0075DE30 /* Project object */;
			proxyType = 1;
			remoteGlobalIDString = 647B4254287ED74D0075DE30;
			remoteInfo = RenovateSample;
		};
/* End PBXContainerItemProxy section */

/* Begin PBXFileReference section */
		647B4255287ED74D0075DE30 /* RenovateSample.app */ = {isa = PBXFileReference; explicitFileType = wrapper.application; includeInIndex = 0; path = RenovateSample.app; sourceTree = BUILT_PRODUCTS_DIR; };
		647B4258287ED74D0075DE30 /* RenovateSampleApp.swift */ = {isa = PBXFileReference; lastKnownFileType = sourcecode.swift; path = RenovateSampleApp.swift; sourceTree = "<group>"; };
		647B425A287ED74D0075DE30 /* ContentView.swift */ = {isa = PBXFileReference; lastKnownFileType = sourcecode.swift; path = ContentView.swift; sourceTree = "<group>"; };
		647B425C287ED7540075DE30 /* Assets.xcassets */ = {isa = PBXFileReference; lastKnownFileType = folder.assetcatalog; path = Assets.xcassets; sourceTree = "<group>"; };
		647B425F287ED7540075DE30 /* Preview Assets.xcassets */ = {isa = PBXFileReference; lastKnownFileType = folder.assetcatalog; path = "Preview Assets.xcassets"; sourceTree = "<group>"; };
		647B4265287ED7550075DE30 /* RenovateSampleTests.xctest */ = {isa = PBXFileReference; explicitFileType = wrapper.cfbundle; includeInIndex = 0; path = RenovateSampleTests.xctest; sourceTree = BUILT_PRODUCTS_DIR; };
		647B4269287ED7550075DE30 /* RenovateSampleTests.swift */ = {isa = PBXFileReference; lastKnownFileType = sourcecode.swift; path = RenovateSampleTests.swift; sourceTree = "<group>"; };
		647B426F287ED7550075DE30 /* RenovateSampleUITests.xctest */ = {isa = PBXFileReference; explicitFileType = wrapper.cfbundle; includeInIndex = 0; path = RenovateSampleUITests.xctest; sourceTree = BUILT_PRODUCTS_DIR; };
		647B4273287ED7550075DE30 /* RenovateSampleUITests.swift */ = {isa = PBXFileReference; lastKnownFileType = sourcecode.swift; path = RenovateSampleUITests.swift; sourceTree = "<group>"; };
		647B4275287ED7550075DE30 /* RenovateSampleUITestsLaunchTests.swift */ = {isa = PBXFileReference; lastKnownFileType = sourcecode.swift; path = RenovateSampleUITestsLaunchTests.swift; sourceTree = "<group>"; };
/* End PBXFileReference section */

/* Begin PBXFrameworksBuildPhase section */
		647B4252287ED74D0075DE30 /* Frameworks */ = {
			isa = PBXFrameworksBuildPhase;
			buildActionMask = 2147483647;
			files = (
				6453D2B72880378E00FDDA50 /* Algorithms in Frameworks */,
			);
			runOnlyForDeploymentPostprocessing = 0;
		};
		647B4262287ED7550075DE30 /* Frameworks */ = {
			isa = PBXFrameworksBuildPhase;
			buildActionMask = 2147483647;
			files = (
			);
			runOnlyForDeploymentPostprocessing = 0;
		};
		647B426C287ED7550075DE30 /* Frameworks */ = {
			isa = PBXFrameworksBuildPhase;
			buildActionMask = 2147483647;
			files = (
			);
			runOnlyForDeploymentPostprocessing = 0;
		};
/* End PBXFrameworksBuildPhase section */

/* Begin PBXGroup section */
		647B424C287ED74D0075DE30 = {
			isa = PBXGroup;
			children = (
				647B4257287ED74D0075DE30 /* RenovateSample */,
				647B4268287ED7550075DE30 /* RenovateSampleTests */,
				647B4272287ED7550075DE30 /* RenovateSampleUITests */,
				647B4256287ED74D0075DE30 /* Products */,
			);
			sourceTree = "<group>";
		};
		647B4256287ED74D0075DE30 /* Products */ = {
			isa = PBXGroup;
			children = (
				647B4255287ED74D0075DE30 /* RenovateSample.app */,
				647B4265287ED7550075DE30 /* RenovateSampleTests.xctest */,
				647B426F287ED7550075DE30 /* RenovateSampleUITests.xctest */,
			);
			name = Products;
			sourceTree = "<group>";
		};
		647B4257287ED74D0075DE30 /* RenovateSample */ = {
			isa = PBXGroup;
			children = (
				647B4258287ED74D0075DE30 /* RenovateSampleApp.swift */,
				647B425A287ED74D0075DE30 /* ContentView.swift */,
				647B425C287ED7540075DE30 /* Assets.xcassets */,
				647B425E287ED7540075DE30 /* Preview Content */,
			);
			path = RenovateSample;
			sourceTree = "<group>";
		};
		647B425E287ED7540075DE30 /* Preview Content */ = {
			isa = PBXGroup;
			children = (
				647B425F287ED7540075DE30 /* Preview Assets.xcassets */,
			);
			path = "Preview Content";
			sourceTree = "<group>";
		};
		647B4268287ED7550075DE30 /* RenovateSampleTests */ = {
			isa = PBXGroup;
			children = (
				647B4269287ED7550075DE30 /* RenovateSampleTests.swift */,
			);
			path = RenovateSampleTests;
			sourceTree = "<group>";
		};
		647B4272287ED7550075DE30 /* RenovateSampleUITests */ = {
			isa = PBXGroup;
			children = (
				647B4273287ED7550075DE30 /* RenovateSampleUITests.swift */,
				647B4275287ED7550075DE30 /* RenovateSampleUITestsLaunchTests.swift */,
			);
			path = RenovateSampleUITests;
			sourceTree = "<group>";
		};
/* End PBXGroup section */

/* Begin PBXNativeTarget section */
		647B4254287ED74D0075DE30 /* RenovateSample */ = {
			isa = PBXNativeTarget;
			buildConfigurationList = 647B4279287ED7550075DE30 /* Build configuration list for PBXNativeTarget "RenovateSample" */;
			buildPhases = (
				647B4251287ED74D0075DE30 /* Sources */,
				647B4252287ED74D0075DE30 /* Frameworks */,
				647B4253287ED74D0075DE30 /* Resources */,
			);
			buildRules = (
			);
			dependencies = (
			);
			name = RenovateSample;
			packageProductDependencies = (
				6453D2B62880378E00FDDA50 /* Algorithms */,
			);
			productName = RenovateSample;
			productReference = 647B4255287ED74D0075DE30 /* RenovateSample.app */;
			productType = "com.apple.product-type.application";
		};
		647B4264287ED7550075DE30 /* RenovateSampleTests */ = {
			isa = PBXNativeTarget;
			buildConfigurationList = 647B427C287ED7550075DE30 /* Build configuration list for PBXNativeTarget "RenovateSampleTests" */;
			buildPhases = (
				647B4261287ED7550075DE30 /* Sources */,
				647B4262287ED7550075DE30 /* Frameworks */,
				647B4263287ED7550075DE30 /* Resources */,
			);
			buildRules = (
			);
			dependencies = (
				647B4267287ED7550075DE30 /* PBXTargetDependency */,
			);
			name = RenovateSampleTests;
			productName = RenovateSampleTests;
			productReference = 647B4265287ED7550075DE30 /* RenovateSampleTests.xctest */;
			productType = "com.apple.product-type.bundle.unit-test";
		};
		647B426E287ED7550075DE30 /* RenovateSampleUITests */ = {
			isa = PBXNativeTarget;
			buildConfigurationList = 647B427F287ED7550075DE30 /* Build configuration list for PBXNativeTarget "RenovateSampleUITests" */;
			buildPhases = (
				647B426B287ED7550075DE30 /* Sources */,
				647B426C287ED7550075DE30 /* Frameworks */,
				647B426D287ED7550075DE30 /* Resources */,
			);
			buildRules = (
			);
			dependencies = (
				647B4271287ED7550075DE30 /* PBXTargetDependency */,
			);
			name = RenovateSampleUITests;
			productName = RenovateSampleUITests;
			productReference = 647B426F287ED7550075DE30 /* RenovateSampleUITests.xctest */;
			productType = "com.apple.product-type.bundle.ui-testing";
		};
/* End PBXNativeTarget section */

/* Begin PBXProject section */
		647B424D287ED74D0075DE30 /* Project object */ = {
			isa = PBXProject;
			attributes = {
				BuildIndependentTargetsInParallel = 1;
				LastSwiftUpdateCheck = 1340;
				LastUpgradeCheck = 1340;
				TargetAttributes = {
					647B4254287ED74D0075DE30 = {
						CreatedOnToolsVersion = 13.4.1;
					};
					647B4264287ED7550075DE30 = {
						CreatedOnToolsVersion = 13.4.1;
						TestTargetID = 647B4254287ED74D0075DE30;
					};
					647B426E287ED7550075DE30 = {
						CreatedOnToolsVersion = 13.4.1;
						TestTargetID = 647B4254287ED74D0075DE30;
					};
				};
			};
			buildConfigurationList = 647B4250287ED74D0075DE30 /* Build configuration list for PBXProject "RenovateSample" */;
			compatibilityVersion = "Xcode 13.0";
			developmentRegion = en;
			hasScannedForEncodings = 0;
			knownRegions = (
				en,
				Base,
			);
			mainGroup = 647B424C287ED74D0075DE30;
			packageReferences = (
				6453D2B52880378E00FDDA50 /* XCRemoteSwiftPackageReference "swift-algorithms" */,
			);
			productRefGroup = 647B4256287ED74D0075DE30 /* Products */;
			projectDirPath = "";
			projectRoot = "";
			targets = (
				647B4254287ED74D0075DE30 /* RenovateSample */,
				647B4264287ED7550075DE30 /* RenovateSampleTests */,
				647B426E287ED7550075DE30 /* RenovateSampleUITests */,
			);
		};
/* End PBXProject section */

/* Begin PBXResourcesBuildPhase section */
		647B4253287ED74D0075DE30 /* Resources */ = {
			isa = PBXResourcesBuildPhase;
			buildActionMask = 2147483647;
			files = (
				647B4260287ED7540075DE30 /* Preview Assets.xcassets in Resources */,
				647B425D287ED7540075DE30 /* Assets.xcassets in Resources */,
			);
			runOnlyForDeploymentPostprocessing = 0;
		};
		647B4263287ED7550075DE30 /* Resources */ = {
			isa = PBXResourcesBuildPhase;
			buildActionMask = 2147483647;
			files = (
			);
			runOnlyForDeploymentPostprocessing = 0;
		};
		647B426D287ED7550075DE30 /* Resources */ = {
			isa = PBXResourcesBuildPhase;
			buildActionMask = 2147483647;
			files = (
			);
			runOnlyForDeploymentPostprocessing = 0;
		};
/* End PBXResourcesBuildPhase section */

/* Begin PBXSourcesBuildPhase section */
		647B4251287ED74D0075DE30 /* Sources */ = {
			isa = PBXSourcesBuildPhase;
			buildActionMask = 2147483647;
			files = (
				647B425B287ED74D0075DE30 /* ContentView.swift in Sources */,
				647B4259287ED74D0075DE30 /* RenovateSampleApp.swift in Sources */,
			);
			runOnlyForDeploymentPostprocessing = 0;
		};
		647B4261287ED7550075DE30 /* Sources */ = {
			isa = PBXSourcesBuildPhase;
			buildActionMask = 2147483647;
			files = (
				647B426A287ED7550075DE30 /* RenovateSampleTests.swift in Sources */,
			);
			runOnlyForDeploymentPostprocessing = 0;
		};
		647B426B287ED7550075DE30 /* Sources */ = {
			isa = PBXSourcesBuildPhase;
			buildActionMask = 2147483647;
			files = (
				647B4276287ED7550075DE30 /* RenovateSampleUITestsLaunchTests.swift in Sources */,
				647B4274287ED7550075DE30 /* RenovateSampleUITests.swift in Sources */,
			);
			runOnlyForDeploymentPostprocessing = 0;
		};
/* End PBXSourcesBuildPhase section */

/* Begin PBXTargetDependency section */
		647B4267287ED7550075DE30 /* PBXTargetDependency */ = {
			isa = PBXTargetDependency;
			target = 647B4254287ED74D0075DE30 /* RenovateSample */;
			targetProxy = 647B4266287ED7550075DE30 /* PBXContainerItemProxy */;
		};
		647B4271287ED7550075DE30 /* PBXTargetDependency */ = {
			isa = PBXTargetDependency;
			target = 647B4254287ED74D0075DE30 /* RenovateSample */;
			targetProxy = 647B4270287ED7550075DE30 /* PBXContainerItemProxy */;
		};
/* End PBXTargetDependency section */

/* Begin XCBuildConfiguration section */
		647B4277287ED7550075DE30 /* Debug */ = {
			isa = XCBuildConfiguration;
			buildSettings = {
				ALWAYS_SEARCH_USER_PATHS = NO;
				CLANG_ANALYZER_NONNULL = YES;
				CLANG_ANALYZER_NUMBER_OBJECT_CONVERSION = YES_AGGRESSIVE;
				CLANG_CXX_LANGUAGE_STANDARD = "gnu++17";
				CLANG_ENABLE_MODULES = YES;
				CLANG_ENABLE_OBJC_ARC = YES;
				CLANG_ENABLE_OBJC_WEAK = YES;
				CLANG_WARN_BLOCK_CAPTURE_AUTORELEASING = YES;
				CLANG_WARN_BOOL_CONVERSION = YES;
				CLANG_WARN_COMMA = YES;
				CLANG_WARN_CONSTANT_CONVERSION = YES;
				CLANG_WARN_DEPRECATED_OBJC_IMPLEMENTATIONS = YES;
				CLANG_WARN_DIRECT_OBJC_ISA_USAGE = YES_ERROR;
				CLANG_WARN_DOCUMENTATION_COMMENTS = YES;
				CLANG_WARN_EMPTY_BODY = YES;
				CLANG_WARN_ENUM_CONVERSION = YES;
				CLANG_WARN_INFINITE_RECURSION = YES;
				CLANG_WARN_INT_CONVERSION = YES;
				CLANG_WARN_NON_LITERAL_NULL_CONVERSION = YES;
				CLANG_WARN_OBJC_IMPLICIT_RETAIN_SELF = YES;
				CLANG_WARN_OBJC_LITERAL_CONVERSION = YES;
				CLANG_WARN_OBJC_ROOT_CLASS = YES_ERROR;
				CLANG_WARN_QUOTED_INCLUDE_IN_FRAMEWORK_HEADER = YES;
				CLANG_WARN_RANGE_LOOP_ANALYSIS = YES;
				CLANG_WARN_STRICT_PROTOTYPES = YES;
				CLANG_WARN_SUSPICIOUS_MOVE = YES;
				CLANG_WARN_UNGUARDED_AVAILABILITY = YES_AGGRESSIVE;
				CLANG_WARN_UNREACHABLE_CODE = YES;
				CLANG_WARN__DUPLICATE_METHOD_MATCH = YES;
				COPY_PHASE_STRIP = NO;
				DEBUG_INFORMATION_FORMAT = dwarf;
				ENABLE_STRICT_OBJC_MSGSEND = YES;
				ENABLE_TESTABILITY = YES;
				GCC_C_LANGUAGE_STANDARD = gnu11;
				GCC_DYNAMIC_NO_PIC = NO;
				GCC_NO_COMMON_BLOCKS = YES;
				GCC_OPTIMIZATION_LEVEL = 0;
				GCC_PREPROCESSOR_DEFINITIONS = (
					"DEBUG=1",
					"$(inherited)",
				);
				GCC_WARN_64_TO_32_BIT_CONVERSION = YES;
				GCC_WARN_ABOUT_RETURN_TYPE = YES_ERROR;
				GCC_WARN_UNDECLARED_SELECTOR = YES;
				GCC_WARN_UNINITIALIZED_AUTOS = YES_AGGRESSIVE;
				GCC_WARN_UNUSED_FUNCTION = YES;
				GCC_WARN_UNUSED_VARIABLE = YES;
				IPHONEOS_DEPLOYMENT_TARGET = 15.5;
				MTL_ENABLE_DEBUG_INFO = INCLUDE_SOURCE;
				MTL_FAST_MATH = YES;
				ONLY_ACTIVE_ARCH = YES;
				SDKROOT = iphoneos;
				SWIFT_ACTIVE_COMPILATION_CONDITIONS = DEBUG;
				SWIFT_OPTIMIZATION_LEVEL = "-Onone";
			};
			name = Debug;
		};
		647B4278287ED7550075DE30 /* Release */ = {
			isa = XCBuildConfiguration;
			buildSettings = {
				ALWAYS_SEARCH_USER_PATHS = NO;
				CLANG_ANALYZER_NONNULL = YES;
				CLANG_ANALYZER_NUMBER_OBJECT_CONVERSION = YES_AGGRESSIVE;
				CLANG_CXX_LANGUAGE_STANDARD = "gnu++17";
				CLANG_ENABLE_MODULES = YES;
				CLANG_ENABLE_OBJC_ARC = YES;
				CLANG_ENABLE_OBJC_WEAK = YES;
				CLANG_WARN_BLOCK_CAPTURE_AUTORELEASING = YES;
				CLANG_WARN_BOOL_CONVERSION = YES;
				CLANG_WARN_COMMA = YES;
				CLANG_WARN_CONSTANT_CONVERSION = YES;
				CLANG_WARN_DEPRECATED_OBJC_IMPLEMENTATIONS = YES;
				CLANG_WARN_DIRECT_OBJC_ISA_USAGE = YES_ERROR;
				CLANG_WARN_DOCUMENTATION_COMMENTS = YES;
				CLANG_WARN_EMPTY_BODY = YES;
				CLANG_WARN_ENUM_CONVERSION = YES;
				CLANG_WARN_INFINITE_RECURSION = YES;
				CLANG_WARN_INT_CONVERSION = YES;
				CLANG_WARN_NON_LITERAL_NULL_CONVERSION = YES;
				CLANG_WARN_OBJC_IMPLICIT_RETAIN_SELF = YES;
				CLANG_WARN_OBJC_LITERAL_CONVERSION = YES;
				CLANG_WARN_OBJC_ROOT_CLASS = YES_ERROR;
				CLANG_WARN_QUOTED_INCLUDE_IN_FRAMEWORK_HEADER = YES;
				CLANG_WARN_RANGE_LOOP_ANALYSIS = YES;
				CLANG_WARN_STRICT_PROTOTYPES = YES;
				CLANG_WARN_SUSPICIOUS_MOVE = YES;
				CLANG_WARN_UNGUARDED_AVAILABILITY = YES_AGGRESSIVE;
				CLANG_WARN_UNREACHABLE_CODE = YES;
				CLANG_WARN__DUPLICATE_METHOD_MATCH = YES;
				COPY_PHASE_STRIP = NO;
				DEBUG_INFORMATION_FORMAT = "dwarf-with-dsym";
				ENABLE_NS_ASSERTIONS = NO;
				ENABLE_STRICT_OBJC_MSGSEND = YES;
				GCC_C_LANGUAGE_STANDARD = gnu11;
				GCC_NO_COMMON_BLOCKS = YES;
				GCC_WARN_64_TO_32_BIT_CONVERSION = YES;
				GCC_WARN_ABOUT_RETURN_TYPE = YES_ERROR;
				GCC_WARN_UNDECLARED_SELECTOR = YES;
				GCC_WARN_UNINITIALIZED_AUTOS = YES_AGGRESSIVE;
				GCC_WARN_UNUSED_FUNCTION = YES;
				GCC_WARN_UNUSED_VARIABLE = YES;
				IPHONEOS_DEPLOYMENT_TARGET = 15.5;
				MTL_ENABLE_DEBUG_INFO = NO;
				MTL_FAST_MATH = YES;
				SDKROOT = iphoneos;
				SWIFT_COMPILATION_MODE = wholemodule;
				SWIFT_OPTIMIZATION_LEVEL = "-O";
				VALIDATE_PRODUCT = YES;
			};
			name = Release;
		};
		647B427A287ED7550075DE30 /* Debug */ = {
			isa = XCBuildConfiguration;
			buildSettings = {
				ASSETCATALOG_COMPILER_APPICON_NAME = AppIcon;
				ASSETCATALOG_COMPILER_GLOBAL_ACCENT_COLOR_NAME = AccentColor;
				CODE_SIGN_STYLE = Automatic;
				CURRENT_PROJECT_VERSION = 1;
				DEVELOPMENT_ASSET_PATHS = "\"RenovateSample/Preview Content\"";
				ENABLE_PREVIEWS = YES;
				GENERATE_INFOPLIST_FILE = YES;
				INFOPLIST_KEY_UIApplicationSceneManifest_Generation = YES;
				INFOPLIST_KEY_UIApplicationSupportsIndirectInputEvents = YES;
				INFOPLIST_KEY_UILaunchScreen_Generation = YES;
				INFOPLIST_KEY_UISupportedInterfaceOrientations_iPad = "UIInterfaceOrientationPortrait UIInterfaceOrientationPortraitUpsideDown UIInterfaceOrientationLandscapeLeft UIInterfaceOrientationLandscapeRight";
				INFOPLIST_KEY_UISupportedInterfaceOrientations_iPhone = "UIInterfaceOrientationPortrait UIInterfaceOrientationLandscapeLeft UIInterfaceOrientationLandscapeRight";
				LD_RUNPATH_SEARCH_PATHS = (
					"$(inherited)",
					"@executable_path/Frameworks",
				);
				MARKETING_VERSION = 1.0;
				PRODUCT_BUNDLE_IDENTIFIER = com.RenovateSample;
				PRODUCT_NAME = "$(TARGET_NAME)";
				SWIFT_EMIT_LOC_STRINGS = YES;
				SWIFT_VERSION = 5.0;
				TARGETED_DEVICE_FAMILY = "1,2";
			};
			name = Debug;
		};
		647B427B287ED7550075DE30 /* Release */ = {
			isa = XCBuildConfiguration;
			buildSettings = {
				ASSETCATALOG_COMPILER_APPICON_NAME = AppIcon;
				ASSETCATALOG_COMPILER_GLOBAL_ACCENT_COLOR_NAME = AccentColor;
				CODE_SIGN_STYLE = Automatic;
				CURRENT_PROJECT_VERSION = 1;
				DEVELOPMENT_ASSET_PATHS = "\"RenovateSample/Preview Content\"";
				ENABLE_PREVIEWS = YES;
				GENERATE_INFOPLIST_FILE = YES;
				INFOPLIST_KEY_UIApplicationSceneManifest_Generation = YES;
				INFOPLIST_KEY_UIApplicationSupportsIndirectInputEvents = YES;
				INFOPLIST_KEY_UILaunchScreen_Generation = YES;
				INFOPLIST_KEY_UISupportedInterfaceOrientations_iPad = "UIInterfaceOrientationPortrait UIInterfaceOrientationPortraitUpsideDown UIInterfaceOrientationLandscapeLeft UIInterfaceOrientationLandscapeRight";
				INFOPLIST_KEY_UISupportedInterfaceOrientations_iPhone = "UIInterfaceOrientationPortrait UIInterfaceOrientationLandscapeLeft UIInterfaceOrientationLandscapeRight";
				LD_RUNPATH_SEARCH_PATHS = (
					"$(inherited)",
					"@executable_path/Frameworks",
				);
				MARKETING_VERSION = 1.0;
				PRODUCT_BUNDLE_IDENTIFIER = com.RenovateSample;
				PRODUCT_NAME = "$(TARGET_NAME)";
				SWIFT_EMIT_LOC_STRINGS = YES;
				SWIFT_VERSION = 5.0;
				TARGETED_DEVICE_FAMILY = "1,2";
			};
			name = Release;
		};
		647B427D287ED7550075DE30 /* Debug */ = {
			isa = XCBuildConfiguration;
			buildSettings = {
				ALWAYS_EMBED_SWIFT_STANDARD_LIBRARIES = YES;
				BUNDLE_LOADER = "$(TEST_HOST)";
				CODE_SIGN_STYLE = Automatic;
				CURRENT_PROJECT_VERSION = 1;
				GENERATE_INFOPLIST_FILE = YES;
				IPHONEOS_DEPLOYMENT_TARGET = 15.5;
				MARKETING_VERSION = 1.0;
				PRODUCT_BUNDLE_IDENTIFIER = com.RenovateSampleTests;
				PRODUCT_NAME = "$(TARGET_NAME)";
				SWIFT_EMIT_LOC_STRINGS = NO;
				SWIFT_VERSION = 5.0;
				TARGETED_DEVICE_FAMILY = "1,2";
				TEST_HOST = "$(BUILT_PRODUCTS_DIR)/RenovateSample.app/RenovateSample";
			};
			name = Debug;
		};
		647B427E287ED7550075DE30 /* Release */ = {
			isa = XCBuildConfiguration;
			buildSettings = {
				ALWAYS_EMBED_SWIFT_STANDARD_LIBRARIES = YES;
				BUNDLE_LOADER = "$(TEST_HOST)";
				CODE_SIGN_STYLE = Automatic;
				CURRENT_PROJECT_VERSION = 1;
				GENERATE_INFOPLIST_FILE = YES;
				IPHONEOS_DEPLOYMENT_TARGET = 15.5;
				MARKETING_VERSION = 1.0;
				PRODUCT_BUNDLE_IDENTIFIER = com.RenovateSampleTests;
				PRODUCT_NAME = "$(TARGET_NAME)";
				SWIFT_EMIT_LOC_STRINGS = NO;
				SWIFT_VERSION = 5.0;
				TARGETED_DEVICE_FAMILY = "1,2";
				TEST_HOST = "$(BUILT_PRODUCTS_DIR)/RenovateSample.app/RenovateSample";
			};
			name = Release;
		};
		647B4280287ED7550075DE30 /* Debug */ = {
			isa = XCBuildConfiguration;
			buildSettings = {
				ALWAYS_EMBED_SWIFT_STANDARD_LIBRARIES = YES;
				CODE_SIGN_STYLE = Automatic;
				CURRENT_PROJECT_VERSION = 1;
				GENERATE_INFOPLIST_FILE = YES;
				MARKETING_VERSION = 1.0;
				PRODUCT_BUNDLE_IDENTIFIER = com.RenovateSampleUITests;
				PRODUCT_NAME = "$(TARGET_NAME)";
				SWIFT_EMIT_LOC_STRINGS = NO;
				SWIFT_VERSION = 5.0;
				TARGETED_DEVICE_FAMILY = "1,2";
				TEST_TARGET_NAME = RenovateSample;
			};
			name = Debug;
		};
		647B4281287ED7550075DE30 /* Release */ = {
			isa = XCBuildConfiguration;
			buildSettings = {
				ALWAYS_EMBED_SWIFT_STANDARD_LIBRARIES = YES;
				CODE_SIGN_STYLE = Automatic;
				CURRENT_PROJECT_VERSION = 1;
				GENERATE_INFOPLIST_FILE = YES;
				MARKETING_VERSION = 1.0;
				PRODUCT_BUNDLE_IDENTIFIER = com.RenovateSampleUITests;
				PRODUCT_NAME = "$(TARGET_NAME)";
				SWIFT_EMIT_LOC_STRINGS = NO;
				SWIFT_VERSION = 5.0;
				TARGETED_DEVICE_FAMILY = "1,2";
				TEST_TARGET_NAME = RenovateSample;
			};
			name = Release;
		};
/* End XCBuildConfiguration section */

/* Begin XCConfigurationList section */
		647B4250287ED74D0075DE30 /* Build configuration list for PBXProject "RenovateSample" */ = {
			isa = XCConfigurationList;
			buildConfigurations = (
				647B4277287ED7550075DE30 /* Debug */,
				647B4278287ED7550075DE30 /* Release */,
			);
			defaultConfigurationIsVisible = 0;
			defaultConfigurationName = Release;
		};
		647B4279287ED7550075DE30 /* Build configuration list for PBXNativeTarget "RenovateSample" */ = {
			isa = XCConfigurationList;
			buildConfigurations = (
				647B427A287ED7550075DE30 /* Debug */,
				647B427B287ED7550075DE30 /* Release */,
			);
			defaultConfigurationIsVisible = 0;
			defaultConfigurationName = Release;
		};
		647B427C287ED7550075DE30 /* Build configuration list for PBXNativeTarget "RenovateSampleTests" */ = {
			isa = XCConfigurationList;
			buildConfigurations = (
				647B427D287ED7550075DE30 /* Debug */,
				647B427E287ED7550075DE30 /* Release */,
			);
			defaultConfigurationIsVisible = 0;
			defaultConfigurationName = Release;
		};
		647B427F287ED7550075DE30 /* Build configuration list for PBXNativeTarget "RenovateSampleUITests" */ = {
			isa = XCConfigurationList;
			buildConfigurations = (
				647B4280287ED7550075DE30 /* Debug */,
				647B4281287ED7550075DE30 /* Release */,
			);
			defaultConfigurationIsVisible = 0;
			defaultConfigurationName = Release;
		};
/* End XCConfigurationList section */

/* Begin XCRemoteSwiftPackageReference section */
		6453D2B52880378E00FDDA50 /* XCRemoteSwiftPackageReference "swift-algorithms" */ = {
			isa = XCRemoteSwiftPackageReference;
			repositoryURL = "https://github.com/apple/swift-algorithms.git";
			requirement = {
				kind = upToNextMajorVersion;
				minimumVersion = 0.0.1;
			};
		};
/* End XCRemoteSwiftPackageReference section */

/* Begin XCSwiftPackageProductDependency section */
		6453D2B62880378E00FDDA50 /* Algorithms */ = {
			isa = XCSwiftPackageProductDependency;
			package = 6453D2B52880378E00FDDA50 /* XCRemoteSwiftPackageReference "swift-algorithms" */;
			productName = Algorithms;
		};
/* End XCSwiftPackageProductDependency section */
	};
	rootObject = 647B424D287ED74D0075DE30 /* Project object */;
}
